// !$*UTF8*$!
{
	archiveVersion = 1;
	classes = {
	};
	objectVersion = 50;
	objects = {

/* Begin PBXBuildFile section */
		3048328D23E086050013F348 /* AppDelegate.swift in Sources */ = {isa = PBXBuildFile; fileRef = 3048328C23E086050013F348 /* AppDelegate.swift */; };
		3048328F23E086050013F348 /* SceneDelegate.swift in Sources */ = {isa = PBXBuildFile; fileRef = 3048328E23E086050013F348 /* SceneDelegate.swift */; };
		3048329123E086050013F348 /* MainViewController.swift in Sources */ = {isa = PBXBuildFile; fileRef = 3048329023E086050013F348 /* MainViewController.swift */; };
		3048329623E086050013F348 /* Assets.xcassets in Resources */ = {isa = PBXBuildFile; fileRef = 3048329523E086050013F348 /* Assets.xcassets */; };
		3048329923E086050013F348 /* LaunchScreen.storyboard in Resources */ = {isa = PBXBuildFile; fileRef = 3048329723E086050013F348 /* LaunchScreen.storyboard */; };
		304832A123E08FDE0013F348 /* SettingsViewController.swift in Sources */ = {isa = PBXBuildFile; fileRef = 304832A023E08FDE0013F348 /* SettingsViewController.swift */; };
		304832A523E0990E0013F348 /* ShowAlert.swift in Sources */ = {isa = PBXBuildFile; fileRef = 304832A423E0990E0013F348 /* ShowAlert.swift */; };
		304832A723E09AFA0013F348 /* MainView.swift in Sources */ = {isa = PBXBuildFile; fileRef = 304832A623E09AFA0013F348 /* MainView.swift */; };
		304832A923E0BD7F0013F348 /* SettingsView.swift in Sources */ = {isa = PBXBuildFile; fileRef = 304832A823E0BD7F0013F348 /* SettingsView.swift */; };
/* End PBXBuildFile section */

/* Begin PBXFileReference section */
		3048328923E086050013F348 /* ProgromaticUI.app */ = {isa = PBXFileReference; explicitFileType = wrapper.application; includeInIndex = 0; path = ProgromaticUI.app; sourceTree = BUILT_PRODUCTS_DIR; };
		3048328C23E086050013F348 /* AppDelegate.swift */ = {isa = PBXFileReference; lastKnownFileType = sourcecode.swift; path = AppDelegate.swift; sourceTree = "<group>"; };
		3048328E23E086050013F348 /* SceneDelegate.swift */ = {isa = PBXFileReference; lastKnownFileType = sourcecode.swift; path = SceneDelegate.swift; sourceTree = "<group>"; };
		3048329023E086050013F348 /* MainViewController.swift */ = {isa = PBXFileReference; lastKnownFileType = sourcecode.swift; path = MainViewController.swift; sourceTree = "<group>"; };
		3048329523E086050013F348 /* Assets.xcassets */ = {isa = PBXFileReference; lastKnownFileType = folder.assetcatalog; path = Assets.xcassets; sourceTree = "<group>"; };
		3048329823E086050013F348 /* Base */ = {isa = PBXFileReference; lastKnownFileType = file.storyboard; name = Base; path = Base.lproj/LaunchScreen.storyboard; sourceTree = "<group>"; };
		3048329A23E086050013F348 /* Info.plist */ = {isa = PBXFileReference; lastKnownFileType = text.plist.xml; path = Info.plist; sourceTree = "<group>"; };
		304832A023E08FDE0013F348 /* SettingsViewController.swift */ = {isa = PBXFileReference; lastKnownFileType = sourcecode.swift; path = SettingsViewController.swift; sourceTree = "<group>"; };
		304832A423E0990E0013F348 /* ShowAlert.swift */ = {isa = PBXFileReference; lastKnownFileType = sourcecode.swift; path = ShowAlert.swift; sourceTree = "<group>"; };
		304832A623E09AFA0013F348 /* MainView.swift */ = {isa = PBXFileReference; lastKnownFileType = sourcecode.swift; path = MainView.swift; sourceTree = "<group>"; };
		304832A823E0BD7F0013F348 /* SettingsView.swift */ = {isa = PBXFileReference; lastKnownFileType = sourcecode.swift; path = SettingsView.swift; sourceTree = "<group>"; };
/* End PBXFileReference section */

/* Begin PBXFrameworksBuildPhase section */
		3048328623E086050013F348 /* Frameworks */ = {
			isa = PBXFrameworksBuildPhase;
			buildActionMask = 2147483647;
			files = (
			);
			runOnlyForDeploymentPostprocessing = 0;
		};
/* End PBXFrameworksBuildPhase section */

/* Begin PBXGroup section */
		3048328023E086050013F348 = {
			isa = PBXGroup;
			children = (
				3048328B23E086050013F348 /* ProgromaticUI */,
				3048328A23E086050013F348 /* Products */,
			);
			sourceTree = "<group>";
		};
		3048328A23E086050013F348 /* Products */ = {
			isa = PBXGroup;
			children = (
				3048328923E086050013F348 /* ProgromaticUI.app */,
			);
			name = Products;
			sourceTree = "<group>";
		};
		3048328B23E086050013F348 /* ProgromaticUI */ = {
			isa = PBXGroup;
			children = (
				3048328C23E086050013F348 /* AppDelegate.swift */,
				3048328E23E086050013F348 /* SceneDelegate.swift */,
				304832A423E0990E0013F348 /* ShowAlert.swift */,
				304832A623E09AFA0013F348 /* MainView.swift */,
				3048329023E086050013F348 /* MainViewController.swift */,
				304832A823E0BD7F0013F348 /* SettingsView.swift */,
				304832A023E08FDE0013F348 /* SettingsViewController.swift */,
				3048329523E086050013F348 /* Assets.xcassets */,
				3048329723E086050013F348 /* LaunchScreen.storyboard */,
				3048329A23E086050013F348 /* Info.plist */,
			);
			path = ProgromaticUI;
			sourceTree = "<group>";
		};
/* End PBXGroup section */

/* Begin PBXNativeTarget section */
		3048328823E086050013F348 /* ProgromaticUI */ = {
			isa = PBXNativeTarget;
			buildConfigurationList = 3048329D23E086050013F348 /* Build configuration list for PBXNativeTarget "ProgromaticUI" */;
			buildPhases = (
				3048328523E086050013F348 /* Sources */,
				3048328623E086050013F348 /* Frameworks */,
				3048328723E086050013F348 /* Resources */,
			);
			buildRules = (
			);
			dependencies = (
			);
			name = ProgromaticUI;
			productName = ProgromaticUI;
			productReference = 3048328923E086050013F348 /* ProgromaticUI.app */;
			productType = "com.apple.product-type.application";
		};
/* End PBXNativeTarget section */

/* Begin PBXProject section */
		3048328123E086050013F348 /* Project object */ = {
			isa = PBXProject;
			attributes = {
				LastSwiftUpdateCheck = 1130;
				LastUpgradeCheck = 1130;
				ORGANIZATIONNAME = "Jaheed Haynes";
				TargetAttributes = {
					3048328823E086050013F348 = {
						CreatedOnToolsVersion = 11.3;
					};
				};
			};
			buildConfigurationList = 3048328423E086050013F348 /* Build configuration list for PBXProject "ProgromaticUI" */;
			compatibilityVersion = "Xcode 9.3";
			developmentRegion = en;
			hasScannedForEncodings = 0;
			knownRegions = (
				en,
				Base,
			);
			mainGroup = 3048328023E086050013F348;
			productRefGroup = 3048328A23E086050013F348 /* Products */;
			projectDirPath = "";
			projectRoot = "";
			targets = (
				3048328823E086050013F348 /* ProgromaticUI */,
			);
		};
/* End PBXProject section */

/* Begin PBXResourcesBuildPhase section */
		3048328723E086050013F348 /* Resources */ = {
			isa = PBXResourcesBuildPhase;
			buildActionMask = 2147483647;
			files = (
				3048329923E086050013F348 /* LaunchScreen.storyboard in Resources */,
				3048329623E086050013F348 /* Assets.xcassets in Resources */,
			);
			runOnlyForDeploymentPostprocessing = 0;
		};
/* End PBXResourcesBuildPhase section */

/* Begin PBXSourcesBuildPhase section */
		3048328523E086050013F348 /* Sources */ = {
			isa = PBXSourcesBuildPhase;
			buildActionMask = 2147483647;
			files = (
				304832A923E0BD7F0013F348 /* SettingsView.swift in Sources */,
				304832A523E0990E0013F348 /* ShowAlert.swift in Sources */,
				304832A723E09AFA0013F348 /* MainView.swift in Sources */,
				3048329123E086050013F348 /* MainViewController.swift in Sources */,
				3048328D23E086050013F348 /* AppDelegate.swift in Sources */,
				3048328F23E086050013F348 /* SceneDelegate.swift in Sources */,
				304832A123E08FDE0013F348 /* SettingsViewController.swift in Sources */,
			);
			runOnlyForDeploymentPostprocessing = 0;
		};
/* End PBXSourcesBuildPhase section */

/* Begin PBXVariantGroup section */
		3048329723E086050013F348 /* LaunchScreen.storyboard */ = {
			isa = PBXVariantGroup;
			children = (
				3048329823E086050013F348 /* Base */,
			);
			name = LaunchScreen.storyboard;
			sourceTree = "<group>";
		};
/* End PBXVariantGroup section */

/* Begin XCBuildConfiguration section */
		3048329B23E086050013F348 /* Debug */ = {
			isa = XCBuildConfiguration;
			buildSettings = {
				ALWAYS_SEARCH_USER_PATHS = NO;
				CLANG_ANALYZER_NONNULL = YES;
				CLANG_ANALYZER_NUMBER_OBJECT_CONVERSION = YES_AGGRESSIVE;
				CLANG_CXX_LANGUAGE_STANDARD = "gnu++14";
				CLANG_CXX_LIBRARY = "libc++";
				CLANG_ENABLE_MODULES = YES;
				CLANG_ENABLE_OBJC_ARC = YES;
				CLANG_ENABLE_OBJC_WEAK = YES;
				CLANG_WARN_BLOCK_CAPTURE_AUTORELEASING = YES;
				CLANG_WARN_BOOL_CONVERSION = YES;
				CLANG_WARN_COMMA = YES;
				CLANG_WARN_CONSTANT_CONVERSION = YES;
				CLANG_WARN_DEPRECATED_OBJC_IMPLEMENTATIONS = YES;
				CLANG_WARN_DIRECT_OBJC_ISA_USAGE = YES_ERROR;
				CLANG_WARN_DOCUMENTATION_COMMENTS = YES;
				CLANG_WARN_EMPTY_BODY = YES;
				CLANG_WARN_ENUM_CONVERSION = YES;
				CLANG_WARN_INFINITE_RECURSION = YES;
				CLANG_WARN_INT_CONVERSION = YES;
				CLANG_WARN_NON_LITERAL_NULL_CONVERSION = YES;
				CLANG_WARN_OBJC_IMPLICIT_RETAIN_SELF = YES;
				CLANG_WARN_OBJC_LITERAL_CONVERSION = YES;
				CLANG_WARN_OBJC_ROOT_CLASS = YES_ERROR;
				CLANG_WARN_RANGE_LOOP_ANALYSIS = YES;
				CLANG_WARN_STRICT_PROTOTYPES = YES;
				CLANG_WARN_SUSPICIOUS_MOVE = YES;
				CLANG_WARN_UNGUARDED_AVAILABILITY = YES_AGGRESSIVE;
				CLANG_WARN_UNREACHABLE_CODE = YES;
				CLANG_WARN__DUPLICATE_METHOD_MATCH = YES;
				COPY_PHASE_STRIP = NO;
				DEBUG_INFORMATION_FORMAT = dwarf;
				ENABLE_STRICT_OBJC_MSGSEND = YES;
				ENABLE_TESTABILITY = YES;
				GCC_C_LANGUAGE_STANDARD = gnu11;
				GCC_DYNAMIC_NO_PIC = NO;
				GCC_NO_COMMON_BLOCKS = YES;
				GCC_OPTIMIZATION_LEVEL = 0;
				GCC_PREPROCESSOR_DEFINITIONS = (
					"DEBUG=1",
					"$(inherited)",
				);
				GCC_WARN_64_TO_32_BIT_CONVERSION = YES;
				GCC_WARN_ABOUT_RETURN_TYPE = YES_ERROR;
				GCC_WARN_UNDECLARED_SELECTOR = YES;
				GCC_WARN_UNINITIALIZED_AUTOS = YES_AGGRESSIVE;
				GCC_WARN_UNUSED_FUNCTION = YES;
				GCC_WARN_UNUSED_VARIABLE = YES;
				IPHONEOS_DEPLOYMENT_TARGET = 13.2;
				MTL_ENABLE_DEBUG_INFO = INCLUDE_SOURCE;
				MTL_FAST_MATH = YES;
				ONLY_ACTIVE_ARCH = YES;
				SDKROOT = iphoneos;
				SWIFT_ACTIVE_COMPILATION_CONDITIONS = DEBUG;
				SWIFT_OPTIMIZATION_LEVEL = "-Onone";
			};
			name = Debug;
		};
		3048329C23E086050013F348 /* Release */ = {
			isa = XCBuildConfiguration;
			buildSettings = {
				ALWAYS_SEARCH_USER_PATHS = NO;
				CLANG_ANALYZER_NONNULL = YES;
				CLANG_ANALYZER_NUMBER_OBJECT_CONVERSION = YES_AGGRESSIVE;
				CLANG_CXX_LANGUAGE_STANDARD = "gnu++14";
				CLANG_CXX_LIBRARY = "libc++";
				CLANG_ENABLE_MODULES = YES;
				CLANG_ENABLE_OBJC_ARC = YES;
				CLANG_ENABLE_OBJC_WEAK = YES;
				CLANG_WARN_BLOCK_CAPTURE_AUTORELEASING = YES;
				CLANG_WARN_BOOL_CONVERSION = YES;
				CLANG_WARN_COMMA = YES;
				CLANG_WARN_CONSTANT_CONVERSION = YES;
				CLANG_WARN_DEPRECATED_OBJC_IMPLEMENTATIONS = YES;
				CLANG_WARN_DIRECT_OBJC_ISA_USAGE = YES_ERROR;
				CLANG_WARN_DOCUMENTATION_COMMENTS = YES;
				CLANG_WARN_EMPTY_BODY = YES;
				CLANG_WARN_ENUM_CONVERSION = YES;
				CLANG_WARN_INFINITE_RECURSION = YES;
				CLANG_WARN_INT_CONVERSION = YES;
				CLANG_WARN_NON_LITERAL_NULL_CONVERSION = YES;
				CLANG_WARN_OBJC_IMPLICIT_RETAIN_SELF = YES;
				CLANG_WARN_OBJC_LITERAL_CONVERSION = YES;
				CLANG_WARN_OBJC_ROOT_CLASS = YES_ERROR;
				CLANG_WARN_RANGE_LOOP_ANALYSIS = YES;
				CLANG_WARN_STRICT_PROTOTYPES = YES;
				CLANG_WARN_SUSPICIOUS_MOVE = YES;
				CLANG_WARN_UNGUARDED_AVAILABILITY = YES_AGGRESSIVE;
				CLANG_WARN_UNREACHABLE_CODE = YES;
				CLANG_WARN__DUPLICATE_METHOD_MATCH = YES;
				COPY_PHASE_STRIP = NO;
				DEBUG_INFORMATION_FORMAT = "dwarf-with-dsym";
				ENABLE_NS_ASSERTIONS = NO;
				ENABLE_STRICT_OBJC_MSGSEND = YES;
				GCC_C_LANGUAGE_STANDARD = gnu11;
				GCC_NO_COMMON_BLOCKS = YES;
				GCC_WARN_64_TO_32_BIT_CONVERSION = YES;
				GCC_WARN_ABOUT_RETURN_TYPE = YES_ERROR;
				GCC_WARN_UNDECLARED_SELECTOR = YES;
				GCC_WARN_UNINITIALIZED_AUTOS = YES_AGGRESSIVE;
				GCC_WARN_UNUSED_FUNCTION = YES;
				GCC_WARN_UNUSED_VARIABLE = YES;
				IPHONEOS_DEPLOYMENT_TARGET = 13.2;
				MTL_ENABLE_DEBUG_INFO = NO;
				MTL_FAST_MATH = YES;
				SDKROOT = iphoneos;
				SWIFT_COMPILATION_MODE = wholemodule;
				SWIFT_OPTIMIZATION_LEVEL = "-O";
				VALIDATE_PRODUCT = YES;
			};
			name = Release;
		};
		3048329E23E086050013F348 /* Debug */ = {
			isa = XCBuildConfiguration;
			buildSettings = {
				ASSETCATALOG_COMPILER_APPICON_NAME = AppIcon;
				CODE_SIGN_STYLE = Automatic;
				DEVELOPMENT_TEAM = TTN2293JXM;
				INFOPLIST_FILE = ProgromaticUI/Info.plist;
				LD_RUNPATH_SEARCH_PATHS = (
					"$(inherited)",
					"@executable_path/Frameworks",
				);
				PRODUCT_BUNDLE_IDENTIFIER = com.Jaheed.ProgromaticUI;
				PRODUCT_NAME = "$(TARGET_NAME)";
				SWIFT_VERSION = 5.0;
				TARGETED_DEVICE_FAMILY = "1,2";
			};
			name = Debug;
		};
		3048329F23E086050013F348 /* Release */ = {
			isa = XCBuildConfiguration;
			buildSettings = {
				ASSETCATALOG_COMPILER_APPICON_NAME = AppIcon;
				CODE_SIGN_STYLE = Automatic;
				DEVELOPMENT_TEAM = TTN2293JXM;
				INFOPLIST_FILE = ProgromaticUI/Info.plist;
				LD_RUNPATH_SEARCH_PATHS = (
					"$(inherited)",
					"@executable_path/Frameworks",
				);
				PRODUCT_BUNDLE_IDENTIFIER = com.Jaheed.ProgromaticUI;
				PRODUCT_NAME = "$(TARGET_NAME)";
				SWIFT_VERSION = 5.0;
				TARGETED_DEVICE_FAMILY = "1,2";
			};
			name = Release;
		};
/* End XCBuildConfiguration section */

/* Begin XCConfigurationList section */
		3048328423E086050013F348 /* Build configuration list for PBXProject "ProgromaticUI" */ = {
			isa = XCConfigurationList;
			buildConfigurations = (
				3048329B23E086050013F348 /* Debug */,
				3048329C23E086050013F348 /* Release */,
			);
			defaultConfigurationIsVisible = 0;
			defaultConfigurationName = Release;
		};
		3048329D23E086050013F348 /* Build configuration list for PBXNativeTarget "ProgromaticUI" */ = {
			isa = XCConfigurationList;
			buildConfigurations = (
				3048329E23E086050013F348 /* Debug */,
				3048329F23E086050013F348 /* Release */,
			);
			defaultConfigurationIsVisible = 0;
			defaultConfigurationName = Release;
		};
/* End XCConfigurationList section */
	};
	rootObject = 3048328123E086050013F348 /* Project object */;
}
